
Microsoft Visual Studio Solution File, Format Version 12.00
# Visual Studio Version 17
VisualStudioVersion = 17.13.35931.197 d17.13
MinimumVisualStudioVersion = 10.0.40219.1
Project("{FAE04EC0-301F-11D3-BF4B-00C04F79EFBC}") = "JWTAndApi", "JWTAndApi.csproj", "{4A1D5199-4F4B-4BF0-A7BA-95951910C9F5}"
EndProject
Global
	GlobalSection(SolutionConfigurationPlatforms) = preSolution
		Debug|Any CPU = Debug|Any CPU
		Release|Any CPU = Release|Any CPU
	EndGlobalSection
	GlobalSection(ProjectConfigurationPlatforms) = postSolution
		{4A1D5199-4F4B-4BF0-A7BA-95951910C9F5}.Debug|Any CPU.ActiveCfg = Debug|Any CPU
		{4A1D5199-4F4B-4BF0-A7BA-95951910C9F5}.Debug|Any CPU.Build.0 = Debug|Any CPU
		{4A1D5199-4F4B-4BF0-A7BA-95951910C9F5}.Release|Any CPU.ActiveCfg = Release|Any CPU
		{4A1D5199-4F4B-4BF0-A7BA-95951910C9F5}.Release|Any CPU.Build.0 = Release|Any CPU
	EndGlobalSection
	GlobalSection(SolutionProperties) = preSolution
		HideSolutionNode = FALSE
	EndGlobalSection
	GlobalSection(ExtensibilityGlobals) = postSolution
		SolutionGuid = {94AEAEAD-00E4-4D50-A297-FF0205E5CAAB}
	EndGlobalSection
EndGlobal
